// !$*UTF8*$!
{
	archiveVersion = 1;
	classes = {
	};
	objectVersion = 50;
	objects = {

/* Begin PBXBuildFile section */
		22684AE92102FEC40063D2F8 /* AppDelegate.swift in Sources */ = {isa = PBXBuildFile; fileRef = 22684AE82102FEC40063D2F8 /* AppDelegate.swift */; };
		22684AEB2102FEC40063D2F8 /* ViewController.swift in Sources */ = {isa = PBXBuildFile; fileRef = 22684AEA2102FEC40063D2F8 /* ViewController.swift */; };
		22684AEE2102FEC40063D2F8 /* Main.storyboard in Resources */ = {isa = PBXBuildFile; fileRef = 22684AEC2102FEC40063D2F8 /* Main.storyboard */; };
		22684AF12102FEC40063D2F8 /* M2M_Algorithms.xcdatamodeld in Sources */ = {isa = PBXBuildFile; fileRef = 22684AEF2102FEC40063D2F8 /* M2M_Algorithms.xcdatamodeld */; };
		22684AF32102FEC40063D2F8 /* Assets.xcassets in Resources */ = {isa = PBXBuildFile; fileRef = 22684AF22102FEC40063D2F8 /* Assets.xcassets */; };
		22684AF62102FEC40063D2F8 /* LaunchScreen.storyboard in Resources */ = {isa = PBXBuildFile; fileRef = 22684AF42102FEC40063D2F8 /* LaunchScreen.storyboard */; };
		22684B012102FEC50063D2F8 /* M2M_AlgorithmsTests.swift in Sources */ = {isa = PBXBuildFile; fileRef = 22684B002102FEC50063D2F8 /* M2M_AlgorithmsTests.swift */; };
		22684B0C2102FEC50063D2F8 /* M2M_AlgorithmsUITests.swift in Sources */ = {isa = PBXBuildFile; fileRef = 22684B0B2102FEC50063D2F8 /* M2M_AlgorithmsUITests.swift */; };
		22A950782103A5930037EC84 /* DataProcess.swift in Sources */ = {isa = PBXBuildFile; fileRef = 22A9506E2103A5930037EC84 /* DataProcess.swift */; };
		22A950792103A5930037EC84 /* EMG.swift in Sources */ = {isa = PBXBuildFile; fileRef = 22A950702103A5930037EC84 /* EMG.swift */; };
		22A9507A2103A5930037EC84 /* GaitEvent.swift in Sources */ = {isa = PBXBuildFile; fileRef = 22A950712103A5930037EC84 /* GaitEvent.swift */; };
		22A9507B2103A5930037EC84 /* IMU.swift in Sources */ = {isa = PBXBuildFile; fileRef = 22A950722103A5930037EC84 /* IMU.swift */; };
		22A9507C2103A5930037EC84 /* ultilities.swift in Sources */ = {isa = PBXBuildFile; fileRef = 22A950742103A5930037EC84 /* ultilities.swift */; };
		22A9507D2103A5930037EC84 /* Threshold.swift in Sources */ = {isa = PBXBuildFile; fileRef = 22A950752103A5930037EC84 /* Threshold.swift */; };
		22A9507E2103A5930037EC84 /* PeakFinding.swift in Sources */ = {isa = PBXBuildFile; fileRef = 22A950762103A5930037EC84 /* PeakFinding.swift */; };
		22A9507F2103A5930037EC84 /* filters.swift in Sources */ = {isa = PBXBuildFile; fileRef = 22A950772103A5930037EC84 /* filters.swift */; };
/* End PBXBuildFile section */

/* Begin PBXContainerItemProxy section */
		22684AFD2102FEC50063D2F8 /* PBXContainerItemProxy */ = {
			isa = PBXContainerItemProxy;
			containerPortal = 22684ADD2102FEC40063D2F8 /* Project object */;
			proxyType = 1;
			remoteGlobalIDString = 22684AE42102FEC40063D2F8;
			remoteInfo = "M2M-Algorithms";
		};
		22684B082102FEC50063D2F8 /* PBXContainerItemProxy */ = {
			isa = PBXContainerItemProxy;
			containerPortal = 22684ADD2102FEC40063D2F8 /* Project object */;
			proxyType = 1;
			remoteGlobalIDString = 22684AE42102FEC40063D2F8;
			remoteInfo = "M2M-Algorithms";
		};
/* End PBXContainerItemProxy section */

/* Begin PBXFileReference section */
		22684AE52102FEC40063D2F8 /* M2M-Algorithms.app */ = {isa = PBXFileReference; explicitFileType = wrapper.application; includeInIndex = 0; path = "M2M-Algorithms.app"; sourceTree = BUILT_PRODUCTS_DIR; };
		22684AE82102FEC40063D2F8 /* AppDelegate.swift */ = {isa = PBXFileReference; lastKnownFileType = sourcecode.swift; path = AppDelegate.swift; sourceTree = "<group>"; };
		22684AEA2102FEC40063D2F8 /* ViewController.swift */ = {isa = PBXFileReference; lastKnownFileType = sourcecode.swift; path = ViewController.swift; sourceTree = "<group>"; };
		22684AED2102FEC40063D2F8 /* Base */ = {isa = PBXFileReference; lastKnownFileType = file.storyboard; name = Base; path = Base.lproj/Main.storyboard; sourceTree = "<group>"; };
		22684AF02102FEC40063D2F8 /* M2M_Algorithms.xcdatamodel */ = {isa = PBXFileReference; lastKnownFileType = wrapper.xcdatamodel; path = M2M_Algorithms.xcdatamodel; sourceTree = "<group>"; };
		22684AF22102FEC40063D2F8 /* Assets.xcassets */ = {isa = PBXFileReference; lastKnownFileType = folder.assetcatalog; path = Assets.xcassets; sourceTree = "<group>"; };
		22684AF52102FEC40063D2F8 /* Base */ = {isa = PBXFileReference; lastKnownFileType = file.storyboard; name = Base; path = Base.lproj/LaunchScreen.storyboard; sourceTree = "<group>"; };
		22684AF72102FEC40063D2F8 /* Info.plist */ = {isa = PBXFileReference; lastKnownFileType = text.plist.xml; path = Info.plist; sourceTree = "<group>"; };
		22684AFC2102FEC50063D2F8 /* M2M-AlgorithmsTests.xctest */ = {isa = PBXFileReference; explicitFileType = wrapper.cfbundle; includeInIndex = 0; path = "M2M-AlgorithmsTests.xctest"; sourceTree = BUILT_PRODUCTS_DIR; };
		22684B002102FEC50063D2F8 /* M2M_AlgorithmsTests.swift */ = {isa = PBXFileReference; lastKnownFileType = sourcecode.swift; path = M2M_AlgorithmsTests.swift; sourceTree = "<group>"; };
		22684B022102FEC50063D2F8 /* Info.plist */ = {isa = PBXFileReference; lastKnownFileType = text.plist.xml; path = Info.plist; sourceTree = "<group>"; };
		22684B072102FEC50063D2F8 /* M2M-AlgorithmsUITests.xctest */ = {isa = PBXFileReference; explicitFileType = wrapper.cfbundle; includeInIndex = 0; path = "M2M-AlgorithmsUITests.xctest"; sourceTree = BUILT_PRODUCTS_DIR; };
		22684B0B2102FEC50063D2F8 /* M2M_AlgorithmsUITests.swift */ = {isa = PBXFileReference; lastKnownFileType = sourcecode.swift; path = M2M_AlgorithmsUITests.swift; sourceTree = "<group>"; };
		22684B0D2102FEC50063D2F8 /* Info.plist */ = {isa = PBXFileReference; lastKnownFileType = text.plist.xml; path = Info.plist; sourceTree = "<group>"; };
		22A9506E2103A5930037EC84 /* DataProcess.swift */ = {isa = PBXFileReference; fileEncoding = 4; lastKnownFileType = sourcecode.swift; path = DataProcess.swift; sourceTree = "<group>"; };
		22A950702103A5930037EC84 /* EMG.swift */ = {isa = PBXFileReference; fileEncoding = 4; lastKnownFileType = sourcecode.swift; path = EMG.swift; sourceTree = "<group>"; };
		22A950712103A5930037EC84 /* GaitEvent.swift */ = {isa = PBXFileReference; fileEncoding = 4; lastKnownFileType = sourcecode.swift; path = GaitEvent.swift; sourceTree = "<group>"; };
		22A950722103A5930037EC84 /* IMU.swift */ = {isa = PBXFileReference; fileEncoding = 4; lastKnownFileType = sourcecode.swift; path = IMU.swift; sourceTree = "<group>"; };
		22A950742103A5930037EC84 /* ultilities.swift */ = {isa = PBXFileReference; fileEncoding = 4; lastKnownFileType = sourcecode.swift; path = ultilities.swift; sourceTree = "<group>"; };
		22A950752103A5930037EC84 /* Threshold.swift */ = {isa = PBXFileReference; fileEncoding = 4; lastKnownFileType = sourcecode.swift; path = Threshold.swift; sourceTree = "<group>"; };
		22A950762103A5930037EC84 /* PeakFinding.swift */ = {isa = PBXFileReference; fileEncoding = 4; lastKnownFileType = sourcecode.swift; path = PeakFinding.swift; sourceTree = "<group>"; };
		22A950772103A5930037EC84 /* filters.swift */ = {isa = PBXFileReference; fileEncoding = 4; lastKnownFileType = sourcecode.swift; path = filters.swift; sourceTree = "<group>"; };
/* End PBXFileReference section */

/* Begin PBXFrameworksBuildPhase section */
		22684AE22102FEC40063D2F8 /* Frameworks */ = {
			isa = PBXFrameworksBuildPhase;
			buildActionMask = 2147483647;
			files = (
			);
			runOnlyForDeploymentPostprocessing = 0;
		};
		22684AF92102FEC50063D2F8 /* Frameworks */ = {
			isa = PBXFrameworksBuildPhase;
			buildActionMask = 2147483647;
			files = (
			);
			runOnlyForDeploymentPostprocessing = 0;
		};
		22684B042102FEC50063D2F8 /* Frameworks */ = {
			isa = PBXFrameworksBuildPhase;
			buildActionMask = 2147483647;
			files = (
			);
			runOnlyForDeploymentPostprocessing = 0;
		};
/* End PBXFrameworksBuildPhase section */

/* Begin PBXGroup section */
		22684ADC2102FEC40063D2F8 = {
			isa = PBXGroup;
			children = (
				22684AE72102FEC40063D2F8 /* M2M-Algorithms */,
				22684AFF2102FEC50063D2F8 /* M2M-AlgorithmsTests */,
				22684B0A2102FEC50063D2F8 /* M2M-AlgorithmsUITests */,
				22684AE62102FEC40063D2F8 /* Products */,
			);
			sourceTree = "<group>";
		};
		22684AE62102FEC40063D2F8 /* Products */ = {
			isa = PBXGroup;
			children = (
				22684AE52102FEC40063D2F8 /* M2M-Algorithms.app */,
				22684AFC2102FEC50063D2F8 /* M2M-AlgorithmsTests.xctest */,
				22684B072102FEC50063D2F8 /* M2M-AlgorithmsUITests.xctest */,
			);
			name = Products;
			sourceTree = "<group>";
		};
		22684AE72102FEC40063D2F8 /* M2M-Algorithms */ = {
			isa = PBXGroup;
			children = (
				22A9506C2103A5930037EC84 /* Algorithm */,
				22684AE82102FEC40063D2F8 /* AppDelegate.swift */,
				22684AEA2102FEC40063D2F8 /* ViewController.swift */,
				22684AEC2102FEC40063D2F8 /* Main.storyboard */,
				22684AF22102FEC40063D2F8 /* Assets.xcassets */,
				22684AF42102FEC40063D2F8 /* LaunchScreen.storyboard */,
				22684AF72102FEC40063D2F8 /* Info.plist */,
				22684AEF2102FEC40063D2F8 /* M2M_Algorithms.xcdatamodeld */,
			);
			path = "M2M-Algorithms";
			sourceTree = "<group>";
		};
		22684AFF2102FEC50063D2F8 /* M2M-AlgorithmsTests */ = {
			isa = PBXGroup;
			children = (
				22684B002102FEC50063D2F8 /* M2M_AlgorithmsTests.swift */,
				22684B022102FEC50063D2F8 /* Info.plist */,
			);
			path = "M2M-AlgorithmsTests";
			sourceTree = "<group>";
		};
		22684B0A2102FEC50063D2F8 /* M2M-AlgorithmsUITests */ = {
			isa = PBXGroup;
			children = (
				22684B0B2102FEC50063D2F8 /* M2M_AlgorithmsUITests.swift */,
				22684B0D2102FEC50063D2F8 /* Info.plist */,
			);
			path = "M2M-AlgorithmsUITests";
			sourceTree = "<group>";
		};
		22A9506C2103A5930037EC84 /* Algorithm */ = {
			isa = PBXGroup;
			children = (
				22A9506D2103A5930037EC84 /* Data Process */,
				22A9506F2103A5930037EC84 /* Data Formats */,
				22A950732103A5930037EC84 /* helpers */,
			);
			path = Algorithm;
			sourceTree = "<group>";
		};
		22A9506D2103A5930037EC84 /* Data Process */ = {
			isa = PBXGroup;
			children = (
				22A9506E2103A5930037EC84 /* DataProcess.swift */,
			);
			path = "Data Process";
			sourceTree = "<group>";
		};
		22A9506F2103A5930037EC84 /* Data Formats */ = {
			isa = PBXGroup;
			children = (
				22A950702103A5930037EC84 /* EMG.swift */,
				22A950712103A5930037EC84 /* GaitEvent.swift */,
				22A950722103A5930037EC84 /* IMU.swift */,
			);
			path = "Data Formats";
			sourceTree = "<group>";
		};
		22A950732103A5930037EC84 /* helpers */ = {
			isa = PBXGroup;
			children = (
				22A950742103A5930037EC84 /* ultilities.swift */,
				22A950752103A5930037EC84 /* Threshold.swift */,
				22A950762103A5930037EC84 /* PeakFinding.swift */,
				22A950772103A5930037EC84 /* filters.swift */,
			);
			path = helpers;
			sourceTree = "<group>";
		};
/* End PBXGroup section */

/* Begin PBXNativeTarget section */
		22684AE42102FEC40063D2F8 /* M2M-Algorithms */ = {
			isa = PBXNativeTarget;
			buildConfigurationList = 22684B102102FEC50063D2F8 /* Build configuration list for PBXNativeTarget "M2M-Algorithms" */;
			buildPhases = (
				22684AE12102FEC40063D2F8 /* Sources */,
				22684AE22102FEC40063D2F8 /* Frameworks */,
				22684AE32102FEC40063D2F8 /* Resources */,
			);
			buildRules = (
			);
			dependencies = (
			);
			name = "M2M-Algorithms";
			productName = "M2M-Algorithms";
			productReference = 22684AE52102FEC40063D2F8 /* M2M-Algorithms.app */;
			productType = "com.apple.product-type.application";
		};
		22684AFB2102FEC50063D2F8 /* M2M-AlgorithmsTests */ = {
			isa = PBXNativeTarget;
			buildConfigurationList = 22684B132102FEC50063D2F8 /* Build configuration list for PBXNativeTarget "M2M-AlgorithmsTests" */;
			buildPhases = (
				22684AF82102FEC50063D2F8 /* Sources */,
				22684AF92102FEC50063D2F8 /* Frameworks */,
				22684AFA2102FEC50063D2F8 /* Resources */,
			);
			buildRules = (
			);
			dependencies = (
				22684AFE2102FEC50063D2F8 /* PBXTargetDependency */,
			);
			name = "M2M-AlgorithmsTests";
			productName = "M2M-AlgorithmsTests";
			productReference = 22684AFC2102FEC50063D2F8 /* M2M-AlgorithmsTests.xctest */;
			productType = "com.apple.product-type.bundle.unit-test";
		};
		22684B062102FEC50063D2F8 /* M2M-AlgorithmsUITests */ = {
			isa = PBXNativeTarget;
			buildConfigurationList = 22684B162102FEC50063D2F8 /* Build configuration list for PBXNativeTarget "M2M-AlgorithmsUITests" */;
			buildPhases = (
				22684B032102FEC50063D2F8 /* Sources */,
				22684B042102FEC50063D2F8 /* Frameworks */,
				22684B052102FEC50063D2F8 /* Resources */,
			);
			buildRules = (
			);
			dependencies = (
				22684B092102FEC50063D2F8 /* PBXTargetDependency */,
			);
			name = "M2M-AlgorithmsUITests";
			productName = "M2M-AlgorithmsUITests";
			productReference = 22684B072102FEC50063D2F8 /* M2M-AlgorithmsUITests.xctest */;
			productType = "com.apple.product-type.bundle.ui-testing";
		};
/* End PBXNativeTarget section */

/* Begin PBXProject section */
		22684ADD2102FEC40063D2F8 /* Project object */ = {
			isa = PBXProject;
			attributes = {
				LastSwiftUpdateCheck = 1000;
				LastUpgradeCheck = 1000;
				ORGANIZATIONNAME = "Tran Sam";
				TargetAttributes = {
					22684AE42102FEC40063D2F8 = {
						CreatedOnToolsVersion = 10.0;
					};
					22684AFB2102FEC50063D2F8 = {
						CreatedOnToolsVersion = 10.0;
						TestTargetID = 22684AE42102FEC40063D2F8;
					};
					22684B062102FEC50063D2F8 = {
						CreatedOnToolsVersion = 10.0;
						TestTargetID = 22684AE42102FEC40063D2F8;
					};
				};
			};
			buildConfigurationList = 22684AE02102FEC40063D2F8 /* Build configuration list for PBXProject "M2M-Algorithms" */;
			compatibilityVersion = "Xcode 9.3";
			developmentRegion = en;
			hasScannedForEncodings = 0;
			knownRegions = (
				en,
				Base,
			);
			mainGroup = 22684ADC2102FEC40063D2F8;
			productRefGroup = 22684AE62102FEC40063D2F8 /* Products */;
			projectDirPath = "";
			projectRoot = "";
			targets = (
				22684AE42102FEC40063D2F8 /* M2M-Algorithms */,
				22684AFB2102FEC50063D2F8 /* M2M-AlgorithmsTests */,
				22684B062102FEC50063D2F8 /* M2M-AlgorithmsUITests */,
			);
		};
/* End PBXProject section */

/* Begin PBXResourcesBuildPhase section */
		22684AE32102FEC40063D2F8 /* Resources */ = {
			isa = PBXResourcesBuildPhase;
			buildActionMask = 2147483647;
			files = (
				22684AF62102FEC40063D2F8 /* LaunchScreen.storyboard in Resources */,
				22684AF32102FEC40063D2F8 /* Assets.xcassets in Resources */,
				22684AEE2102FEC40063D2F8 /* Main.storyboard in Resources */,
			);
			runOnlyForDeploymentPostprocessing = 0;
		};
		22684AFA2102FEC50063D2F8 /* Resources */ = {
			isa = PBXResourcesBuildPhase;
			buildActionMask = 2147483647;
			files = (
			);
			runOnlyForDeploymentPostprocessing = 0;
		};
		22684B052102FEC50063D2F8 /* Resources */ = {
			isa = PBXResourcesBuildPhase;
			buildActionMask = 2147483647;
			files = (
			);
			runOnlyForDeploymentPostprocessing = 0;
		};
/* End PBXResourcesBuildPhase section */

/* Begin PBXSourcesBuildPhase section */
		22684AE12102FEC40063D2F8 /* Sources */ = {
			isa = PBXSourcesBuildPhase;
			buildActionMask = 2147483647;
			files = (
				22684AF12102FEC40063D2F8 /* M2M_Algorithms.xcdatamodeld in Sources */,
				22A9507F2103A5930037EC84 /* filters.swift in Sources */,
				22A950792103A5930037EC84 /* EMG.swift in Sources */,
				22A950782103A5930037EC84 /* DataProcess.swift in Sources */,
				22A9507C2103A5930037EC84 /* ultilities.swift in Sources */,
				22A9507A2103A5930037EC84 /* GaitEvent.swift in Sources */,
				22A9507D2103A5930037EC84 /* Threshold.swift in Sources */,
				22A9507E2103A5930037EC84 /* PeakFinding.swift in Sources */,
				22684AEB2102FEC40063D2F8 /* ViewController.swift in Sources */,
				22A9507B2103A5930037EC84 /* IMU.swift in Sources */,
				22684AE92102FEC40063D2F8 /* AppDelegate.swift in Sources */,
			);
			runOnlyForDeploymentPostprocessing = 0;
		};
		22684AF82102FEC50063D2F8 /* Sources */ = {
			isa = PBXSourcesBuildPhase;
			buildActionMask = 2147483647;
			files = (
				22684B012102FEC50063D2F8 /* M2M_AlgorithmsTests.swift in Sources */,
			);
			runOnlyForDeploymentPostprocessing = 0;
		};
		22684B032102FEC50063D2F8 /* Sources */ = {
			isa = PBXSourcesBuildPhase;
			buildActionMask = 2147483647;
			files = (
				22684B0C2102FEC50063D2F8 /* M2M_AlgorithmsUITests.swift in Sources */,
			);
			runOnlyForDeploymentPostprocessing = 0;
		};
/* End PBXSourcesBuildPhase section */

/* Begin PBXTargetDependency section */
		22684AFE2102FEC50063D2F8 /* PBXTargetDependency */ = {
			isa = PBXTargetDependency;
			target = 22684AE42102FEC40063D2F8 /* M2M-Algorithms */;
			targetProxy = 22684AFD2102FEC50063D2F8 /* PBXContainerItemProxy */;
		};
		22684B092102FEC50063D2F8 /* PBXTargetDependency */ = {
			isa = PBXTargetDependency;
			target = 22684AE42102FEC40063D2F8 /* M2M-Algorithms */;
			targetProxy = 22684B082102FEC50063D2F8 /* PBXContainerItemProxy */;
		};
/* End PBXTargetDependency section */

/* Begin PBXVariantGroup section */
		22684AEC2102FEC40063D2F8 /* Main.storyboard */ = {
			isa = PBXVariantGroup;
			children = (
				22684AED2102FEC40063D2F8 /* Base */,
			);
			name = Main.storyboard;
			sourceTree = "<group>";
		};
		22684AF42102FEC40063D2F8 /* LaunchScreen.storyboard */ = {
			isa = PBXVariantGroup;
			children = (
				22684AF52102FEC40063D2F8 /* Base */,
			);
			name = LaunchScreen.storyboard;
			sourceTree = "<group>";
		};
/* End PBXVariantGroup section */

/* Begin XCBuildConfiguration section */
		22684B0E2102FEC50063D2F8 /* Debug */ = {
			isa = XCBuildConfiguration;
			buildSettings = {
				ALWAYS_SEARCH_USER_PATHS = NO;
				CLANG_ANALYZER_NONNULL = YES;
				CLANG_ANALYZER_NUMBER_OBJECT_CONVERSION = YES_AGGRESSIVE;
				CLANG_CXX_LANGUAGE_STANDARD = "gnu++14";
				CLANG_CXX_LIBRARY = "libc++";
				CLANG_ENABLE_MODULES = YES;
				CLANG_ENABLE_OBJC_ARC = YES;
				CLANG_ENABLE_OBJC_WEAK = YES;
				CLANG_WARN_BLOCK_CAPTURE_AUTORELEASING = YES;
				CLANG_WARN_BOOL_CONVERSION = YES;
				CLANG_WARN_COMMA = YES;
				CLANG_WARN_CONSTANT_CONVERSION = YES;
				CLANG_WARN_DEPRECATED_OBJC_IMPLEMENTATIONS = YES;
				CLANG_WARN_DIRECT_OBJC_ISA_USAGE = YES_ERROR;
				CLANG_WARN_DOCUMENTATION_COMMENTS = YES;
				CLANG_WARN_EMPTY_BODY = YES;
				CLANG_WARN_ENUM_CONVERSION = YES;
				CLANG_WARN_INFINITE_RECURSION = YES;
				CLANG_WARN_INT_CONVERSION = YES;
				CLANG_WARN_NON_LITERAL_NULL_CONVERSION = YES;
				CLANG_WARN_OBJC_IMPLICIT_RETAIN_SELF = YES;
				CLANG_WARN_OBJC_LITERAL_CONVERSION = YES;
				CLANG_WARN_OBJC_ROOT_CLASS = YES_ERROR;
				CLANG_WARN_RANGE_LOOP_ANALYSIS = YES;
				CLANG_WARN_STRICT_PROTOTYPES = YES;
				CLANG_WARN_SUSPICIOUS_MOVE = YES;
				CLANG_WARN_UNGUARDED_AVAILABILITY = YES_AGGRESSIVE;
				CLANG_WARN_UNREACHABLE_CODE = YES;
				CLANG_WARN__DUPLICATE_METHOD_MATCH = YES;
				CODE_SIGN_IDENTITY = "iPhone Developer";
				COPY_PHASE_STRIP = NO;
				DEBUG_INFORMATION_FORMAT = dwarf;
				ENABLE_STRICT_OBJC_MSGSEND = YES;
				ENABLE_TESTABILITY = YES;
				GCC_C_LANGUAGE_STANDARD = gnu11;
				GCC_DYNAMIC_NO_PIC = NO;
				GCC_NO_COMMON_BLOCKS = YES;
				GCC_OPTIMIZATION_LEVEL = 0;
				GCC_PREPROCESSOR_DEFINITIONS = (
					"DEBUG=1",
					"$(inherited)",
				);
				GCC_WARN_64_TO_32_BIT_CONVERSION = YES;
				GCC_WARN_ABOUT_RETURN_TYPE = YES_ERROR;
				GCC_WARN_UNDECLARED_SELECTOR = YES;
				GCC_WARN_UNINITIALIZED_AUTOS = YES_AGGRESSIVE;
				GCC_WARN_UNUSED_FUNCTION = YES;
				GCC_WARN_UNUSED_VARIABLE = YES;
				IPHONEOS_DEPLOYMENT_TARGET = 12.0;
				MTL_ENABLE_DEBUG_INFO = INCLUDE_SOURCE;
				ONLY_ACTIVE_ARCH = YES;
				SDKROOT = iphoneos;
				SWIFT_ACTIVE_COMPILATION_CONDITIONS = DEBUG;
				SWIFT_OPTIMIZATION_LEVEL = "-Onone";
			};
			name = Debug;
		};
		22684B0F2102FEC50063D2F8 /* Release */ = {
			isa = XCBuildConfiguration;
			buildSettings = {
				ALWAYS_SEARCH_USER_PATHS = NO;
				CLANG_ANALYZER_NONNULL = YES;
				CLANG_ANALYZER_NUMBER_OBJECT_CONVERSION = YES_AGGRESSIVE;
				CLANG_CXX_LANGUAGE_STANDARD = "gnu++14";
				CLANG_CXX_LIBRARY = "libc++";
				CLANG_ENABLE_MODULES = YES;
				CLANG_ENABLE_OBJC_ARC = YES;
				CLANG_ENABLE_OBJC_WEAK = YES;
				CLANG_WARN_BLOCK_CAPTURE_AUTORELEASING = YES;
				CLANG_WARN_BOOL_CONVERSION = YES;
				CLANG_WARN_COMMA = YES;
				CLANG_WARN_CONSTANT_CONVERSION = YES;
				CLANG_WARN_DEPRECATED_OBJC_IMPLEMENTATIONS = YES;
				CLANG_WARN_DIRECT_OBJC_ISA_USAGE = YES_ERROR;
				CLANG_WARN_DOCUMENTATION_COMMENTS = YES;
				CLANG_WARN_EMPTY_BODY = YES;
				CLANG_WARN_ENUM_CONVERSION = YES;
				CLANG_WARN_INFINITE_RECURSION = YES;
				CLANG_WARN_INT_CONVERSION = YES;
				CLANG_WARN_NON_LITERAL_NULL_CONVERSION = YES;
				CLANG_WARN_OBJC_IMPLICIT_RETAIN_SELF = YES;
				CLANG_WARN_OBJC_LITERAL_CONVERSION = YES;
				CLANG_WARN_OBJC_ROOT_CLASS = YES_ERROR;
				CLANG_WARN_RANGE_LOOP_ANALYSIS = YES;
				CLANG_WARN_STRICT_PROTOTYPES = YES;
				CLANG_WARN_SUSPICIOUS_MOVE = YES;
				CLANG_WARN_UNGUARDED_AVAILABILITY = YES_AGGRESSIVE;
				CLANG_WARN_UNREACHABLE_CODE = YES;
				CLANG_WARN__DUPLICATE_METHOD_MATCH = YES;
				CODE_SIGN_IDENTITY = "iPhone Developer";
				COPY_PHASE_STRIP = NO;
				DEBUG_INFORMATION_FORMAT = "dwarf-with-dsym";
				ENABLE_NS_ASSERTIONS = NO;
				ENABLE_STRICT_OBJC_MSGSEND = YES;
				GCC_C_LANGUAGE_STANDARD = gnu11;
				GCC_NO_COMMON_BLOCKS = YES;
				GCC_WARN_64_TO_32_BIT_CONVERSION = YES;
				GCC_WARN_ABOUT_RETURN_TYPE = YES_ERROR;
				GCC_WARN_UNDECLARED_SELECTOR = YES;
				GCC_WARN_UNINITIALIZED_AUTOS = YES_AGGRESSIVE;
				GCC_WARN_UNUSED_FUNCTION = YES;
				GCC_WARN_UNUSED_VARIABLE = YES;
				IPHONEOS_DEPLOYMENT_TARGET = 12.0;
				MTL_ENABLE_DEBUG_INFO = NO;
				SDKROOT = iphoneos;
				SWIFT_COMPILATION_MODE = wholemodule;
				SWIFT_OPTIMIZATION_LEVEL = "-O";
				VALIDATE_PRODUCT = YES;
			};
			name = Release;
		};
		22684B112102FEC50063D2F8 /* Debug */ = {
			isa = XCBuildConfiguration;
			buildSettings = {
				ASSETCATALOG_COMPILER_APPICON_NAME = AppIcon;
				CODE_SIGN_STYLE = Automatic;
				DEVELOPMENT_TEAM = NCYPEHY28G;
				INFOPLIST_FILE = "M2M-Algorithms/Info.plist";
				LD_RUNPATH_SEARCH_PATHS = (
					"$(inherited)",
					"@executable_path/Frameworks",
				);
				PRODUCT_BUNDLE_IDENTIFIER = "Sam.M2M-Algorithms";
				PRODUCT_NAME = "$(TARGET_NAME)";
				SWIFT_VERSION = 4.2;
				TARGETED_DEVICE_FAMILY = "1,2";
			};
			name = Debug;
		};
		22684B122102FEC50063D2F8 /* Release */ = {
			isa = XCBuildConfiguration;
			buildSettings = {
				ASSETCATALOG_COMPILER_APPICON_NAME = AppIcon;
				CODE_SIGN_STYLE = Automatic;
				DEVELOPMENT_TEAM = NCYPEHY28G;
				INFOPLIST_FILE = "M2M-Algorithms/Info.plist";
				LD_RUNPATH_SEARCH_PATHS = (
					"$(inherited)",
					"@executable_path/Frameworks",
				);
				PRODUCT_BUNDLE_IDENTIFIER = "Sam.M2M-Algorithms";
				PRODUCT_NAME = "$(TARGET_NAME)";
				SWIFT_VERSION = 4.2;
				TARGETED_DEVICE_FAMILY = "1,2";
			};
			name = Release;
		};
		22684B142102FEC50063D2F8 /* Debug */ = {
			isa = XCBuildConfiguration;
			buildSettings = {
				ALWAYS_EMBED_SWIFT_STANDARD_LIBRARIES = YES;
				BUNDLE_LOADER = "$(TEST_HOST)";
				CODE_SIGN_STYLE = Automatic;
				DEVELOPMENT_TEAM = NCYPEHY28G;
				INFOPLIST_FILE = "M2M-AlgorithmsTests/Info.plist";
				LD_RUNPATH_SEARCH_PATHS = (
					"$(inherited)",
					"@executable_path/Frameworks",
					"@loader_path/Frameworks",
				);
				PRODUCT_BUNDLE_IDENTIFIER = "Sam.M2M-AlgorithmsTests";
				PRODUCT_NAME = "$(TARGET_NAME)";
				SWIFT_VERSION = 4.2;
				TARGETED_DEVICE_FAMILY = "1,2";
				TEST_HOST = "$(BUILT_PRODUCTS_DIR)/M2M-Algorithms.app/M2M-Algorithms";
			};
			name = Debug;
		};
		22684B152102FEC50063D2F8 /* Release */ = {
			isa = XCBuildConfiguration;
			buildSettings = {
				ALWAYS_EMBED_SWIFT_STANDARD_LIBRARIES = YES;
				BUNDLE_LOADER = "$(TEST_HOST)";
				CODE_SIGN_STYLE = Automatic;
				DEVELOPMENT_TEAM = NCYPEHY28G;
				INFOPLIST_FILE = "M2M-AlgorithmsTests/Info.plist";
				LD_RUNPATH_SEARCH_PATHS = (
					"$(inherited)",
					"@executable_path/Frameworks",
					"@loader_path/Frameworks",
				);
				PRODUCT_BUNDLE_IDENTIFIER = "Sam.M2M-AlgorithmsTests";
				PRODUCT_NAME = "$(TARGET_NAME)";
				SWIFT_VERSION = 4.2;
				TARGETED_DEVICE_FAMILY = "1,2";
				TEST_HOST = "$(BUILT_PRODUCTS_DIR)/M2M-Algorithms.app/M2M-Algorithms";
			};
			name = Release;
		};
		22684B172102FEC50063D2F8 /* Debug */ = {
			isa = XCBuildConfiguration;
			buildSettings = {
				ALWAYS_EMBED_SWIFT_STANDARD_LIBRARIES = YES;
				CODE_SIGN_STYLE = Automatic;
				DEVELOPMENT_TEAM = NCYPEHY28G;
				INFOPLIST_FILE = "M2M-AlgorithmsUITests/Info.plist";
				LD_RUNPATH_SEARCH_PATHS = (
					"$(inherited)",
					"@executable_path/Frameworks",
					"@loader_path/Frameworks",
				);
				PRODUCT_BUNDLE_IDENTIFIER = "Sam.M2M-AlgorithmsUITests";
				PRODUCT_NAME = "$(TARGET_NAME)";
				SWIFT_VERSION = 4.2;
				TARGETED_DEVICE_FAMILY = "1,2";
				TEST_TARGET_NAME = "M2M-Algorithms";
			};
			name = Debug;
		};
		22684B182102FEC50063D2F8 /* Release */ = {
			isa = XCBuildConfiguration;
			buildSettings = {
				ALWAYS_EMBED_SWIFT_STANDARD_LIBRARIES = YES;
				CODE_SIGN_STYLE = Automatic;
				DEVELOPMENT_TEAM = NCYPEHY28G;
				INFOPLIST_FILE = "M2M-AlgorithmsUITests/Info.plist";
				LD_RUNPATH_SEARCH_PATHS = (
					"$(inherited)",
					"@executable_path/Frameworks",
					"@loader_path/Frameworks",
				);
				PRODUCT_BUNDLE_IDENTIFIER = "Sam.M2M-AlgorithmsUITests";
				PRODUCT_NAME = "$(TARGET_NAME)";
				SWIFT_VERSION = 4.2;
				TARGETED_DEVICE_FAMILY = "1,2";
				TEST_TARGET_NAME = "M2M-Algorithms";
			};
			name = Release;
		};
/* End XCBuildConfiguration section */

/* Begin XCConfigurationList section */
		22684AE02102FEC40063D2F8 /* Build configuration list for PBXProject "M2M-Algorithms" */ = {
			isa = XCConfigurationList;
			buildConfigurations = (
				22684B0E2102FEC50063D2F8 /* Debug */,
				22684B0F2102FEC50063D2F8 /* Release */,
			);
			defaultConfigurationIsVisible = 0;
			defaultConfigurationName = Release;
		};
		22684B102102FEC50063D2F8 /* Build configuration list for PBXNativeTarget "M2M-Algorithms" */ = {
			isa = XCConfigurationList;
			buildConfigurations = (
				22684B112102FEC50063D2F8 /* Debug */,
				22684B122102FEC50063D2F8 /* Release */,
			);
			defaultConfigurationIsVisible = 0;
			defaultConfigurationName = Release;
		};
		22684B132102FEC50063D2F8 /* Build configuration list for PBXNativeTarget "M2M-AlgorithmsTests" */ = {
			isa = XCConfigurationList;
			buildConfigurations = (
				22684B142102FEC50063D2F8 /* Debug */,
				22684B152102FEC50063D2F8 /* Release */,
			);
			defaultConfigurationIsVisible = 0;
			defaultConfigurationName = Release;
		};
		22684B162102FEC50063D2F8 /* Build configuration list for PBXNativeTarget "M2M-AlgorithmsUITests" */ = {
			isa = XCConfigurationList;
			buildConfigurations = (
				22684B172102FEC50063D2F8 /* Debug */,
				22684B182102FEC50063D2F8 /* Release */,
			);
			defaultConfigurationIsVisible = 0;
			defaultConfigurationName = Release;
		};
/* End XCConfigurationList section */

/* Begin XCVersionGroup section */
		22684AEF2102FEC40063D2F8 /* M2M_Algorithms.xcdatamodeld */ = {
			isa = XCVersionGroup;
			children = (
				22684AF02102FEC40063D2F8 /* M2M_Algorithms.xcdatamodel */,
			);
			currentVersion = 22684AF02102FEC40063D2F8 /* M2M_Algorithms.xcdatamodel */;
			path = M2M_Algorithms.xcdatamodeld;
			sourceTree = "<group>";
			versionGroupType = wrapper.xcdatamodel;
		};
/* End XCVersionGroup section */
	};
	rootObject = 22684ADD2102FEC40063D2F8 /* Project object */;
}
